github.com/willoma/gomplements v0.8.0 h1:WIf8K18LHDiGbhYFg2OL8d8NrNnLgtym5MLF2IkMSCw=
github.com/willoma/gomplements v0.8.0/go.mod h1:oCdic+eK6q5s8EfGrqnimTYB2qOWrOt8PaI2twu4tFM=
maragu.dev/gomponents v1.0.0 h1:eeLScjq4PqP1l+r5z/GC+xXZhLHXa6RWUWGW7gSfLh4=
maragu.dev/gomponents v1.0.0/go.mod h1:oEDahza2gZoXDoDHhw8jBNgH+3UR5ni7Ur648HORydM=
