github.com/willoma/gomplements v0.6.2-0.20241009103531-e1436bfcc789 h1:iDP8m52dHds6+wr11ARMaN5E9vqOEYseaCpyWXb93o0=
github.com/willoma/gomplements v0.6.2-0.20241009103531-e1436bfcc789/go.mod h1:FxWghkXXBkJ8Jrrojala85tZyID3fHOPEl5WqCJFmc4=
maragu.dev/gomponents v1.0.0-beta1 h1:I51NqKfrtQC4GxuWShqW5CT5BrfToMEueLD76IhdSXs=
maragu.dev/gomponents v1.0.0-beta1/go.mod h1:oEDahza2gZoXDoDHhw8jBNgH+3UR5ni7Ur648HORydM=
