github.com/maragudk/gomponents v0.20.2 h1:39FhnBNNCJzqNcD9Hmvp/5xj0otweFoyvVgFG6kXoy0=
github.com/maragudk/gomponents v0.20.2/go.mod h1:nHkNnZL6ODgMBeJhrZjkMHVvNdoYsfmpKB2/hjdQ0Hg=
github.com/willoma/gomplements v0.7.0 h1:0QHjfQRlANeXfxZeWEavJ9Ez8Gffk00Ouf+JIb7Q7+0=
github.com/willoma/gomplements v0.7.0/go.mod h1:G/9prZq6jA7EZwIu0AF27HtULgAbUbOVp9oRhsunpkg=
maragu.dev/gomponents v1.0.0-beta1 h1:I51NqKfrtQC4GxuWShqW5CT5BrfToMEueLD76IhdSXs=
maragu.dev/gomponents v1.0.0-beta1/go.mod h1:oEDahza2gZoXDoDHhw8jBNgH+3UR5ni7Ur648HORydM=
